<Solution>
  <Folder Name="/src/">
    <Project Path="src/Chorus.Host/Chorus.Host.csproj" />
    <Project Path="src/Chorus.Speaker/Chorus.Speaker.csproj" />
    <Project Path="src/Chorus.Speaker.Console/Chorus.Speaker.Console.csproj" />
    <Project Path="src/Chorus.SpeakerApp/Chorus.SpeakerApp.csproj" />
    <Project Path="src/ChorusAudio/ChorusAudio.csproj" />
    <Project Path="src/ChorusCore/ChorusCore.csproj" />
  </Folder>
</Solution>
